# This file was autogenerated by Stack.
# You should not edit this file by hand.
# For more information, please see the documentation at:
#   https://docs.haskellstack.org/en/stable/lock_files

packages: []
snapshots:
- completed:
    size: 485625
    url: https://raw.githubusercontent.com/commercialhaskell/stackage-snapshots/master/lts/8/6.yaml
    sha256: 07a6e091cf1946a2dd443be68c49e5c96981877078316c1cffe9725808786864
  original: lts-8.6
